
Microsoft Visual Studio Solution File, Format Version 12.00
# Visual Studio 15
VisualStudioVersion = 15.0.27130.2026
MinimumVisualStudioVersion = 10.0.40219.1
Project("{E24C65DC-7377-472B-9ABA-BC803B73C61A}") = "ComicBookGallery", ".", "{3C6DE83F-B65D-42D0-B309-0A18DFC42D93}"
	ProjectSection(WebsiteProperties) = preProject
		TargetFrameworkMoniker = ".NETFramework,Version%3Dv4.6.1"
		Debug.AspNetCompiler.VirtualPath = "/localhost_52448"
		Debug.AspNetCompiler.PhysicalPath = "..\ComicBookGallery\"
		Debug.AspNetCompiler.TargetPath = "PrecompiledWeb\localhost_52448\"
		Debug.AspNetCompiler.Updateable = "true"
		Debug.AspNetCompiler.ForceOverwrite = "true"
		Debug.AspNetCompiler.FixedNames = "false"
		Debug.AspNetCompiler.Debug = "True"
		Release.AspNetCompiler.VirtualPath = "/localhost_52448"
		Release.AspNetCompiler.PhysicalPath = "..\ComicBookGallery\"
		Release.AspNetCompiler.TargetPath = "PrecompiledWeb\localhost_52448\"
		Release.AspNetCompiler.Updateable = "true"
		Release.AspNetCompiler.ForceOverwrite = "true"
		Release.AspNetCompiler.FixedNames = "false"
		Release.AspNetCompiler.Debug = "False"
		VWDPort = "52448"
		DefaultWebSiteLanguage = "Visual C#"
	EndProjectSection
EndProject
Global
	GlobalSection(SolutionConfigurationPlatforms) = preSolution
		Debug|Any CPU = Debug|Any CPU
	EndGlobalSection
	GlobalSection(ProjectConfigurationPlatforms) = postSolution
		{3C6DE83F-B65D-42D0-B309-0A18DFC42D93}.Debug|Any CPU.ActiveCfg = Debug|Any CPU
		{3C6DE83F-B65D-42D0-B309-0A18DFC42D93}.Debug|Any CPU.Build.0 = Debug|Any CPU
	EndGlobalSection
	GlobalSection(SolutionProperties) = preSolution
		HideSolutionNode = FALSE
	EndGlobalSection
	GlobalSection(ExtensibilityGlobals) = postSolution
		SolutionGuid = {0BF56067-8134-4179-8DE4-D2B12F91B2F1}
	EndGlobalSection
EndGlobal
